// !$*UTF8*$!
{
	archiveVersion = 1;
	classes = {
	};
	objectVersion = 46;
	objects = {

/* Begin PBXBuildFile section */
		888D8FE11ADAE636005A74DD /* motionTrack.cpp in Sources */ = {isa = PBXBuildFile; fileRef = 888D8FDF1ADAE636005A74DD /* motionTrack.cpp */; };
		888D8FE31ADAEF51005A74DD /* libboost_serialization.dylib in Frameworks */ = {isa = PBXBuildFile; fileRef = 888D8FE21ADAEF51005A74DD /* libboost_serialization.dylib */; };
		888D8FE81ADBED3C005A74DD /* kalmanFilterTrack.cpp in Sources */ = {isa = PBXBuildFile; fileRef = 888D8FE61ADBED3C005A74DD /* kalmanFilterTrack.cpp */; };
		88F81D021AD33C3A00B7AA1A /* main.cpp in Sources */ = {isa = PBXBuildFile; fileRef = 88F81D011AD33C3A00B7AA1A /* main.cpp */; };
		88F81D041AD8124D00B7AA1A /* segment.cpp in Sources */ = {isa = PBXBuildFile; fileRef = 88F81D031AD8124C00B7AA1A /* segment.cpp */; };
/* End PBXBuildFile section */

/* Begin PBXCopyFilesBuildPhase section */
		8898E50D1AC9B1750055D755 /* CopyFiles */ = {
			isa = PBXCopyFilesBuildPhase;
			buildActionMask = 2147483647;
			dstPath = /usr/share/man/man1/;
			dstSubfolderSpec = 0;
			files = (
			);
			runOnlyForDeploymentPostprocessing = 1;
		};
/* End PBXCopyFilesBuildPhase section */

/* Begin PBXFileReference section */
		888D8FDF1ADAE636005A74DD /* motionTrack.cpp */ = {isa = PBXFileReference; fileEncoding = 4; lastKnownFileType = sourcecode.cpp.cpp; path = motionTrack.cpp; sourceTree = "<group>"; };
		888D8FE01ADAE636005A74DD /* motionTrack.hpp */ = {isa = PBXFileReference; fileEncoding = 4; lastKnownFileType = sourcecode.cpp.h; path = motionTrack.hpp; sourceTree = "<group>"; };
		888D8FE21ADAEF51005A74DD /* libboost_serialization.dylib */ = {isa = PBXFileReference; lastKnownFileType = "compiled.mach-o.dylib"; name = libboost_serialization.dylib; path = ../../../../Downloads/boost_1_57_0/stage/lib/libboost_serialization.dylib; sourceTree = "<group>"; };
		888D8FE61ADBED3C005A74DD /* kalmanFilterTrack.cpp */ = {isa = PBXFileReference; fileEncoding = 4; lastKnownFileType = sourcecode.cpp.cpp; path = kalmanFilterTrack.cpp; sourceTree = "<group>"; };
		888D8FE71ADBED3C005A74DD /* kalmanFilterTrack.hpp */ = {isa = PBXFileReference; fileEncoding = 4; lastKnownFileType = sourcecode.cpp.h; path = kalmanFilterTrack.hpp; sourceTree = "<group>"; };
		8898E50F1AC9B1750055D755 /* CVAssessments */ = {isa = PBXFileReference; explicitFileType = "compiled.mach-o.executable"; includeInIndex = 0; path = CVAssessments; sourceTree = BUILT_PRODUCTS_DIR; };
		88F81D011AD33C3A00B7AA1A /* main.cpp */ = {isa = PBXFileReference; fileEncoding = 4; lastKnownFileType = sourcecode.cpp.cpp; path = main.cpp; sourceTree = "<group>"; };
		88F81D031AD8124C00B7AA1A /* segment.cpp */ = {isa = PBXFileReference; fileEncoding = 4; lastKnownFileType = sourcecode.cpp.cpp; path = segment.cpp; sourceTree = "<group>"; };
		88F81D051AD814E800B7AA1A /* requirements.txt */ = {isa = PBXFileReference; fileEncoding = 4; lastKnownFileType = text; path = requirements.txt; sourceTree = "<group>"; };
		88F81D071AD883AE00B7AA1A /* segment.hpp */ = {isa = PBXFileReference; lastKnownFileType = sourcecode.cpp.h; path = segment.hpp; sourceTree = "<group>"; };
/* End PBXFileReference section */

/* Begin PBXFrameworksBuildPhase section */
		8898E50C1AC9B1750055D755 /* Frameworks */ = {
			isa = PBXFrameworksBuildPhase;
			buildActionMask = 2147483647;
			files = (
				888D8FE31ADAEF51005A74DD /* libboost_serialization.dylib in Frameworks */,
			);
			runOnlyForDeploymentPostprocessing = 0;
		};
/* End PBXFrameworksBuildPhase section */

/* Begin PBXGroup section */
		8898E5061AC9B1750055D755 = {
			isa = PBXGroup;
			children = (
				888D8FE21ADAEF51005A74DD /* libboost_serialization.dylib */,
				8898E5111AC9B1750055D755 /* CVAssessments */,
				8898E5101AC9B1750055D755 /* Products */,
			);
			sourceTree = "<group>";
		};
		8898E5101AC9B1750055D755 /* Products */ = {
			isa = PBXGroup;
			children = (
				8898E50F1AC9B1750055D755 /* CVAssessments */,
			);
			name = Products;
			sourceTree = "<group>";
		};
		8898E5111AC9B1750055D755 /* CVAssessments */ = {
			isa = PBXGroup;
			children = (
				88F81D011AD33C3A00B7AA1A /* main.cpp */,
				88F81D031AD8124C00B7AA1A /* segment.cpp */,
				88F81D051AD814E800B7AA1A /* requirements.txt */,
				88F81D071AD883AE00B7AA1A /* segment.hpp */,
				888D8FDF1ADAE636005A74DD /* motionTrack.cpp */,
				888D8FE01ADAE636005A74DD /* motionTrack.hpp */,
				888D8FE61ADBED3C005A74DD /* kalmanFilterTrack.cpp */,
				888D8FE71ADBED3C005A74DD /* kalmanFilterTrack.hpp */,
			);
			path = CVAssessments;
			sourceTree = "<group>";
		};
/* End PBXGroup section */

/* Begin PBXNativeTarget section */
		8898E50E1AC9B1750055D755 /* CVAssessments */ = {
			isa = PBXNativeTarget;
			buildConfigurationList = 8898E5161AC9B1750055D755 /* Build configuration list for PBXNativeTarget "CVAssessments" */;
			buildPhases = (
				8898E50B1AC9B1750055D755 /* Sources */,
				8898E50C1AC9B1750055D755 /* Frameworks */,
				8898E50D1AC9B1750055D755 /* CopyFiles */,
			);
			buildRules = (
			);
			dependencies = (
			);
			name = CVAssessments;
			productName = CVAssessments;
			productReference = 8898E50F1AC9B1750055D755 /* CVAssessments */;
			productType = "com.apple.product-type.tool";
		};
/* End PBXNativeTarget section */

/* Begin PBXProject section */
		8898E5071AC9B1750055D755 /* Project object */ = {
			isa = PBXProject;
			attributes = {
				LastUpgradeCheck = 0610;
				ORGANIZATIONNAME = Young;
				TargetAttributes = {
					8898E50E1AC9B1750055D755 = {
						CreatedOnToolsVersion = 6.1.1;
					};
				};
			};
			buildConfigurationList = 8898E50A1AC9B1750055D755 /* Build configuration list for PBXProject "CVAssessments" */;
			compatibilityVersion = "Xcode 3.2";
			developmentRegion = English;
			hasScannedForEncodings = 0;
			knownRegions = (
				en,
			);
			mainGroup = 8898E5061AC9B1750055D755;
			productRefGroup = 8898E5101AC9B1750055D755 /* Products */;
			projectDirPath = "";
			projectRoot = "";
			targets = (
				8898E50E1AC9B1750055D755 /* CVAssessments */,
			);
		};
/* End PBXProject section */

/* Begin PBXSourcesBuildPhase section */
		8898E50B1AC9B1750055D755 /* Sources */ = {
			isa = PBXSourcesBuildPhase;
			buildActionMask = 2147483647;
			files = (
				88F81D021AD33C3A00B7AA1A /* main.cpp in Sources */,
				888D8FE81ADBED3C005A74DD /* kalmanFilterTrack.cpp in Sources */,
				88F81D041AD8124D00B7AA1A /* segment.cpp in Sources */,
				888D8FE11ADAE636005A74DD /* motionTrack.cpp in Sources */,
			);
			runOnlyForDeploymentPostprocessing = 0;
		};
/* End PBXSourcesBuildPhase section */

/* Begin XCBuildConfiguration section */
		8898E5141AC9B1750055D755 /* Debug */ = {
			isa = XCBuildConfiguration;
			buildSettings = {
				ALWAYS_SEARCH_USER_PATHS = NO;
				CLANG_CXX_LANGUAGE_STANDARD = "gnu++0x";
				CLANG_CXX_LIBRARY = "libc++";
				CLANG_ENABLE_MODULES = YES;
				CLANG_ENABLE_OBJC_ARC = YES;
				CLANG_WARN_BOOL_CONVERSION = YES;
				CLANG_WARN_CONSTANT_CONVERSION = YES;
				CLANG_WARN_DIRECT_OBJC_ISA_USAGE = YES_ERROR;
				CLANG_WARN_EMPTY_BODY = YES;
				CLANG_WARN_ENUM_CONVERSION = YES;
				CLANG_WARN_INT_CONVERSION = YES;
				CLANG_WARN_OBJC_ROOT_CLASS = YES_ERROR;
				CLANG_WARN_UNREACHABLE_CODE = YES;
				CLANG_WARN__DUPLICATE_METHOD_MATCH = YES;
				COPY_PHASE_STRIP = NO;
				ENABLE_STRICT_OBJC_MSGSEND = YES;
				GCC_C_LANGUAGE_STANDARD = gnu99;
				GCC_DYNAMIC_NO_PIC = NO;
				GCC_OPTIMIZATION_LEVEL = 0;
				GCC_PREPROCESSOR_DEFINITIONS = (
					"DEBUG=1",
					"$(inherited)",
				);
				GCC_SYMBOLS_PRIVATE_EXTERN = NO;
				GCC_WARN_64_TO_32_BIT_CONVERSION = YES;
				GCC_WARN_ABOUT_RETURN_TYPE = YES_ERROR;
				GCC_WARN_UNDECLARED_SELECTOR = YES;
				GCC_WARN_UNINITIALIZED_AUTOS = YES_AGGRESSIVE;
				GCC_WARN_UNUSED_FUNCTION = YES;
				GCC_WARN_UNUSED_VARIABLE = YES;
				MACOSX_DEPLOYMENT_TARGET = 10.10;
				MTL_ENABLE_DEBUG_INFO = YES;
				ONLY_ACTIVE_ARCH = YES;
				SDKROOT = macosx;
			};
			name = Debug;
		};
		8898E5151AC9B1750055D755 /* Release */ = {
			isa = XCBuildConfiguration;
			buildSettings = {
				ALWAYS_SEARCH_USER_PATHS = NO;
				CLANG_CXX_LANGUAGE_STANDARD = "gnu++0x";
				CLANG_CXX_LIBRARY = "libc++";
				CLANG_ENABLE_MODULES = YES;
				CLANG_ENABLE_OBJC_ARC = YES;
				CLANG_WARN_BOOL_CONVERSION = YES;
				CLANG_WARN_CONSTANT_CONVERSION = YES;
				CLANG_WARN_DIRECT_OBJC_ISA_USAGE = YES_ERROR;
				CLANG_WARN_EMPTY_BODY = YES;
				CLANG_WARN_ENUM_CONVERSION = YES;
				CLANG_WARN_INT_CONVERSION = YES;
				CLANG_WARN_OBJC_ROOT_CLASS = YES_ERROR;
				CLANG_WARN_UNREACHABLE_CODE = YES;
				CLANG_WARN__DUPLICATE_METHOD_MATCH = YES;
				COPY_PHASE_STRIP = YES;
				DEBUG_INFORMATION_FORMAT = "dwarf-with-dsym";
				ENABLE_NS_ASSERTIONS = NO;
				ENABLE_STRICT_OBJC_MSGSEND = YES;
				GCC_C_LANGUAGE_STANDARD = gnu99;
				GCC_WARN_64_TO_32_BIT_CONVERSION = YES;
				GCC_WARN_ABOUT_RETURN_TYPE = YES_ERROR;
				GCC_WARN_UNDECLARED_SELECTOR = YES;
				GCC_WARN_UNINITIALIZED_AUTOS = YES_AGGRESSIVE;
				GCC_WARN_UNUSED_FUNCTION = YES;
				GCC_WARN_UNUSED_VARIABLE = YES;
				MACOSX_DEPLOYMENT_TARGET = 10.10;
				MTL_ENABLE_DEBUG_INFO = NO;
				SDKROOT = macosx;
			};
			name = Release;
		};
		8898E5171AC9B1750055D755 /* Debug */ = {
			isa = XCBuildConfiguration;
			buildSettings = {
				CLANG_CXX_LANGUAGE_STANDARD = "gnu++0x";
				CLANG_CXX_LIBRARY = "libc++";
				HEADER_SEARCH_PATHS = (
					"$(inherited)",
					/Applications/Xcode.app/Contents/Developer/Toolchains/XcodeDefault.xctoolchain/usr/include,
					/usr/local/include,
				);
				LIBRARY_SEARCH_PATHS = /usr/local/lib;
				LINK_WITH_STANDARD_LIBRARIES = YES;
				OTHER_LDFLAGS = (
					"-lopencv_calib3d",
					"-lopencv_core",
					"-lopencv_features2d",
					"-lopencv_flann",
					"-lopencv_highgui",
					"-lopencv_imgcodecs",
					"-lopencv_imgproc",
					"-lopencv_ml",
					"-lopencv_objdetect",
					"-lopencv_photo",
					"-lopencv_shape",
					"-lopencv_stitching",
					"-lopencv_superres",
					"-lopencv_videostab",
					"-lopencv_ts",
					"-lopencv_video",
					"-lopencv_videoio",
				);
				PRODUCT_NAME = "$(TARGET_NAME)";
			};
			name = Debug;
		};
		8898E5181AC9B1750055D755 /* Release */ = {
			isa = XCBuildConfiguration;
			buildSettings = {
				CLANG_CXX_LANGUAGE_STANDARD = "gnu++0x";
				CLANG_CXX_LIBRARY = "libc++";
				HEADER_SEARCH_PATHS = (
					"$(inherited)",
					/Applications/Xcode.app/Contents/Developer/Toolchains/XcodeDefault.xctoolchain/usr/include,
					/usr/local/include,
				);
				LIBRARY_SEARCH_PATHS = /usr/local/lib;
				LINK_WITH_STANDARD_LIBRARIES = YES;
				OTHER_LDFLAGS = (
					"-lopencv_calib3d",
					"-lopencv_core",
					"-lopencv_features2d",
					"-lopencv_flann",
					"-lopencv_highgui",
					"-lopencv_imgcodecs",
					"-lopencv_imgproc",
					"-lopencv_ml",
					"-lopencv_objdetect",
					"-lopencv_photo",
					"-lopencv_shape",
					"-lopencv_stitching",
					"-lopencv_superres",
					"-lopencv_videostab",
					"-lopencv_ts",
					"-lopencv_video",
					"-lopencv_videoio",
				);
				PRODUCT_NAME = "$(TARGET_NAME)";
			};
			name = Release;
		};
/* End XCBuildConfiguration section */

/* Begin XCConfigurationList section */
		8898E50A1AC9B1750055D755 /* Build configuration list for PBXProject "CVAssessments" */ = {
			isa = XCConfigurationList;
			buildConfigurations = (
				8898E5141AC9B1750055D755 /* Debug */,
				8898E5151AC9B1750055D755 /* Release */,
			);
			defaultConfigurationIsVisible = 0;
			defaultConfigurationName = Release;
		};
		8898E5161AC9B1750055D755 /* Build configuration list for PBXNativeTarget "CVAssessments" */ = {
			isa = XCConfigurationList;
			buildConfigurations = (
				8898E5171AC9B1750055D755 /* Debug */,
				8898E5181AC9B1750055D755 /* Release */,
			);
			defaultConfigurationIsVisible = 0;
			defaultConfigurationName = Release;
		};
/* End XCConfigurationList section */
	};
	rootObject = 8898E5071AC9B1750055D755 /* Project object */;
}
